
Microsoft Visual Studio Solution File, Format Version 12.00
# Visual Studio Version 17
VisualStudioVersion = 17.0.31903.59
MinimumVisualStudioVersion = 10.0.40219.1
Project("{FAE04EC0-301F-11D3-BF4B-00C04F79EFBC}") = "TempleOfDoom.Core", "TempleOfDoom.Core\TempleOfDoom.Core.csproj", "{B8F9C5E3-67FA-4D0E-BE1A-BFE49E6E76EA}"
EndProject
Project("{FAE04EC0-301F-11D3-BF4B-00C04F79EFBC}") = "TempleOfDoom.Logic", "TempleOfDoom.Logic\TempleOfDoom.Logic.csproj", "{A08ECBCC-CEC8-4730-9607-C9DE85F5F86B}"
EndProject
Project("{FAE04EC0-301F-11D3-BF4B-00C04F79EFBC}") = "TempleOfDoom.Presentation", "TempleOfDoom.Presentation\TempleOfDoom.Presentation.csproj", "{C1CB771F-AE70-4E78-87A6-F4DA66F79DD2}"
EndProject
Global
	GlobalSection(SolutionConfigurationPlatforms) = preSolution
		Debug|Any CPU = Debug|Any CPU
		Release|Any CPU = Release|Any CPU
	EndGlobalSection
	GlobalSection(SolutionProperties) = preSolution
		HideSolutionNode = FALSE
	EndGlobalSection
	GlobalSection(ProjectConfigurationPlatforms) = postSolution
		{B8F9C5E3-67FA-4D0E-BE1A-BFE49E6E76EA}.Debug|Any CPU.ActiveCfg = Debug|Any CPU
		{B8F9C5E3-67FA-4D0E-BE1A-BFE49E6E76EA}.Debug|Any CPU.Build.0 = Debug|Any CPU
		{B8F9C5E3-67FA-4D0E-BE1A-BFE49E6E76EA}.Release|Any CPU.ActiveCfg = Release|Any CPU
		{B8F9C5E3-67FA-4D0E-BE1A-BFE49E6E76EA}.Release|Any CPU.Build.0 = Release|Any CPU
		{A08ECBCC-CEC8-4730-9607-C9DE85F5F86B}.Debug|Any CPU.ActiveCfg = Debug|Any CPU
		{A08ECBCC-CEC8-4730-9607-C9DE85F5F86B}.Debug|Any CPU.Build.0 = Debug|Any CPU
		{A08ECBCC-CEC8-4730-9607-C9DE85F5F86B}.Release|Any CPU.ActiveCfg = Release|Any CPU
		{A08ECBCC-CEC8-4730-9607-C9DE85F5F86B}.Release|Any CPU.Build.0 = Release|Any CPU
		{C1CB771F-AE70-4E78-87A6-F4DA66F79DD2}.Debug|Any CPU.ActiveCfg = Debug|Any CPU
		{C1CB771F-AE70-4E78-87A6-F4DA66F79DD2}.Debug|Any CPU.Build.0 = Debug|Any CPU
		{C1CB771F-AE70-4E78-87A6-F4DA66F79DD2}.Release|Any CPU.ActiveCfg = Release|Any CPU
		{C1CB771F-AE70-4E78-87A6-F4DA66F79DD2}.Release|Any CPU.Build.0 = Release|Any CPU
	EndGlobalSection
EndGlobal
